
Microsoft Visual Studio Solution File, Format Version 12.00
# Visual Studio 15
VisualStudioVersion = 15.0.27130.2010
MinimumVisualStudioVersion = 10.0.40219.1
Project("{FAE04EC0-301F-11D3-BF4B-00C04F79EFBC}") = "SimpleAsync", "Async\SimpleAsync\SimpleAsync.csproj", "{FB60BBA7-7D16-408D-AC38-3826B7574E24}"
EndProject
Project("{2150E333-8FDC-42A3-9474-1A3956D46DE8}") = "Async", "Async", "{1841CE69-5D4B-4C91-B961-63CAABEB8B54}"
EndProject
Project("{2150E333-8FDC-42A3-9474-1A3956D46DE8}") = "Abilities", "Abilities", "{B3A71D01-72FB-438E-A7F1-8627812371AF}"
EndProject
Project("{FAE04EC0-301F-11D3-BF4B-00C04F79EFBC}") = "AbilityFactory(Zeus)", "Abilities\AbilityFactory\AbilityFactory(Zeus).csproj", "{18515EA5-4656-4E94-ABF4-3BAB0ACCE38A}"
EndProject
Project("{FAE04EC0-301F-11D3-BF4B-00C04F79EFBC}") = "BeginInvoke", "Async\BeginInvoke\BeginInvoke.csproj", "{BE8E8B79-8961-4462-B3E8-3F4ABF46A3DB}"
EndProject
Project("{2150E333-8FDC-42A3-9474-1A3956D46DE8}") = "Render", "Render", "{C0C9EEE3-A3C4-4D99-94D6-4635AB66D93B}"
EndProject
Project("{FAE04EC0-301F-11D3-BF4B-00C04F79EFBC}") = "RenderDX", "Render\RenderDX\RenderDX.csproj", "{83C1046E-21F6-4EC2-ADCC-E2DDCB652881}"
EndProject
Project("{2150E333-8FDC-42A3-9474-1A3956D46DE8}") = "Items", "Items", "{D3A10B85-0180-44FF-9988-7678BB30E519}"
EndProject
Project("{FAE04EC0-301F-11D3-BF4B-00C04F79EFBC}") = "Loop", "Async\Loop\Loop.csproj", "{CDC4CC77-F8BA-4FB9-BE51-6775D5912C26}"
EndProject
Project("{FAE04EC0-301F-11D3-BF4B-00C04F79EFBC}") = "AbilityFactory(Items)", "Items\AbilityFactory\AbilityFactory(Items).csproj", "{ECB2B7A7-3FD3-43F7-8AA3-5415D79C514B}"
EndProject
Project("{FAE04EC0-301F-11D3-BF4B-00C04F79EFBC}") = "ItemBinding", "Items\ItemBinding\ItemBinding.csproj", "{7960B6A9-E5EC-4692-874E-7EC7129DB0F9}"
EndProject
Project("{FAE04EC0-301F-11D3-BF4B-00C04F79EFBC}") = "CollectionChanged(Items)", "Items\CollectionChanged\CollectionChanged(Items).csproj", "{A86DF41D-DD9F-4E3B-942B-A08088C53F2A}"
EndProject
Project("{2150E333-8FDC-42A3-9474-1A3956D46DE8}") = "Menu", "Menu", "{60273048-BFC5-4927-8C6B-4295BD875B7A}"
EndProject
Project("{FAE04EC0-301F-11D3-BF4B-00C04F79EFBC}") = "MenuSettings", "Menu\MenuSettings\MenuSettings.csproj", "{FB28E41E-6832-41F6-AB7B-77B46AE6276E}"
EndProject
Project("{2150E333-8FDC-42A3-9474-1A3956D46DE8}") = "Prediction", "Prediction", "{18371E4F-3125-402B-9847-19DEB01A6320}"
EndProject
Project("{FAE04EC0-301F-11D3-BF4B-00C04F79EFBC}") = "SimplePrediction(Pudge)", "Prediction\SimplePrediction\SimplePrediction(Pudge).csproj", "{25476A72-5063-421F-B8C5-83DBFA63548E}"
EndProject
Project("{2150E333-8FDC-42A3-9474-1A3956D46DE8}") = "Orbwalker", "Orbwalker", "{3D333E0B-8856-4671-9FCF-445DE04DE02F}"
EndProject
Project("{FAE04EC0-301F-11D3-BF4B-00C04F79EFBC}") = "OrbwalkerAsync(Drow)", "Orbwalker\OrbwalkerAsync\OrbwalkerAsync(Drow).csproj", "{905E7BBE-8E6E-4B48-B0E0-FF263F15AC72}"
EndProject
Project("{2150E333-8FDC-42A3-9474-1A3956D46DE8}") = "Combo", "Combo", "{1F7A4B56-091E-469A-96AC-62F8441CE69E}"
EndProject
Project("{2150E333-8FDC-42A3-9474-1A3956D46DE8}") = "Particles", "Particles", "{82451F17-1622-427F-89D7-59A24BCD9D0A}"
EndProject
Project("{FAE04EC0-301F-11D3-BF4B-00C04F79EFBC}") = "ParticleManager", "Particles\ParticleManager\ParticleManager.csproj", "{9EEE0131-C29E-44AD-87D7-DDFCA2A83F2D}"
EndProject
Project("{FAE04EC0-301F-11D3-BF4B-00C04F79EFBC}") = "SimpleCombo(Zeus)", "Combo\SimpleCombo\SimpleCombo(Zeus).csproj", "{EF9FCF90-268A-4A2D-B98A-B7FFCA09EF22}"
EndProject
Project("{FAE04EC0-301F-11D3-BF4B-00C04F79EFBC}") = "OrbwalkingMode(Zeus)", "Orbwalker\OrbwalkingMode\OrbwalkingMode(Zeus).csproj", "{885B7A77-9FF4-497E-8724-1E9C47FC830C}"
EndProject
Project("{2150E333-8FDC-42A3-9474-1A3956D46DE8}") = "CompleteExamples", "CompleteExamples", "{88637DB7-2726-4C62-B4AC-D16C602A8A49}"
EndProject
Project("{FAE04EC0-301F-11D3-BF4B-00C04F79EFBC}") = "Pudge", "CompleteExamples\Pudge\Pudge.csproj", "{6FC8FCE5-AF45-4A8C-A473-7F4B48B3767C}"
EndProject
Project("{FAE04EC0-301F-11D3-BF4B-00C04F79EFBC}") = "SimpleSDKMenu", "SimpleSDKMenu\SimpleSDKMenu.csproj", "{2ACAE017-F59A-46FF-B340-F5A4F08748EA}"
EndProject
Global
	GlobalSection(SolutionConfigurationPlatforms) = preSolution
		Debug|Any CPU = Debug|Any CPU
		Release|Any CPU = Release|Any CPU
	EndGlobalSection
	GlobalSection(ProjectConfigurationPlatforms) = postSolution
		{FB60BBA7-7D16-408D-AC38-3826B7574E24}.Debug|Any CPU.ActiveCfg = Debug|Any CPU
		{FB60BBA7-7D16-408D-AC38-3826B7574E24}.Debug|Any CPU.Build.0 = Debug|Any CPU
		{FB60BBA7-7D16-408D-AC38-3826B7574E24}.Release|Any CPU.ActiveCfg = Release|Any CPU
		{FB60BBA7-7D16-408D-AC38-3826B7574E24}.Release|Any CPU.Build.0 = Release|Any CPU
		{18515EA5-4656-4E94-ABF4-3BAB0ACCE38A}.Debug|Any CPU.ActiveCfg = Debug|Any CPU
		{18515EA5-4656-4E94-ABF4-3BAB0ACCE38A}.Debug|Any CPU.Build.0 = Debug|Any CPU
		{18515EA5-4656-4E94-ABF4-3BAB0ACCE38A}.Release|Any CPU.ActiveCfg = Release|Any CPU
		{18515EA5-4656-4E94-ABF4-3BAB0ACCE38A}.Release|Any CPU.Build.0 = Release|Any CPU
		{BE8E8B79-8961-4462-B3E8-3F4ABF46A3DB}.Debug|Any CPU.ActiveCfg = Debug|Any CPU
		{BE8E8B79-8961-4462-B3E8-3F4ABF46A3DB}.Debug|Any CPU.Build.0 = Debug|Any CPU
		{BE8E8B79-8961-4462-B3E8-3F4ABF46A3DB}.Release|Any CPU.ActiveCfg = Release|Any CPU
		{BE8E8B79-8961-4462-B3E8-3F4ABF46A3DB}.Release|Any CPU.Build.0 = Release|Any CPU
		{83C1046E-21F6-4EC2-ADCC-E2DDCB652881}.Debug|Any CPU.ActiveCfg = Debug|Any CPU
		{83C1046E-21F6-4EC2-ADCC-E2DDCB652881}.Debug|Any CPU.Build.0 = Debug|Any CPU
		{83C1046E-21F6-4EC2-ADCC-E2DDCB652881}.Release|Any CPU.ActiveCfg = Release|Any CPU
		{83C1046E-21F6-4EC2-ADCC-E2DDCB652881}.Release|Any CPU.Build.0 = Release|Any CPU
		{CDC4CC77-F8BA-4FB9-BE51-6775D5912C26}.Debug|Any CPU.ActiveCfg = Debug|Any CPU
		{CDC4CC77-F8BA-4FB9-BE51-6775D5912C26}.Debug|Any CPU.Build.0 = Debug|Any CPU
		{CDC4CC77-F8BA-4FB9-BE51-6775D5912C26}.Release|Any CPU.ActiveCfg = Release|Any CPU
		{CDC4CC77-F8BA-4FB9-BE51-6775D5912C26}.Release|Any CPU.Build.0 = Release|Any CPU
		{ECB2B7A7-3FD3-43F7-8AA3-5415D79C514B}.Debug|Any CPU.ActiveCfg = Debug|Any CPU
		{ECB2B7A7-3FD3-43F7-8AA3-5415D79C514B}.Debug|Any CPU.Build.0 = Debug|Any CPU
		{ECB2B7A7-3FD3-43F7-8AA3-5415D79C514B}.Release|Any CPU.ActiveCfg = Debug|Any CPU
		{ECB2B7A7-3FD3-43F7-8AA3-5415D79C514B}.Release|Any CPU.Build.0 = Debug|Any CPU
		{7960B6A9-E5EC-4692-874E-7EC7129DB0F9}.Debug|Any CPU.ActiveCfg = Debug|Any CPU
		{7960B6A9-E5EC-4692-874E-7EC7129DB0F9}.Debug|Any CPU.Build.0 = Debug|Any CPU
		{7960B6A9-E5EC-4692-874E-7EC7129DB0F9}.Release|Any CPU.ActiveCfg = Debug|Any CPU
		{7960B6A9-E5EC-4692-874E-7EC7129DB0F9}.Release|Any CPU.Build.0 = Debug|Any CPU
		{A86DF41D-DD9F-4E3B-942B-A08088C53F2A}.Debug|Any CPU.ActiveCfg = Debug|Any CPU
		{A86DF41D-DD9F-4E3B-942B-A08088C53F2A}.Debug|Any CPU.Build.0 = Debug|Any CPU
		{A86DF41D-DD9F-4E3B-942B-A08088C53F2A}.Release|Any CPU.ActiveCfg = Debug|Any CPU
		{A86DF41D-DD9F-4E3B-942B-A08088C53F2A}.Release|Any CPU.Build.0 = Debug|Any CPU
		{FB28E41E-6832-41F6-AB7B-77B46AE6276E}.Debug|Any CPU.ActiveCfg = Debug|Any CPU
		{FB28E41E-6832-41F6-AB7B-77B46AE6276E}.Debug|Any CPU.Build.0 = Debug|Any CPU
		{FB28E41E-6832-41F6-AB7B-77B46AE6276E}.Release|Any CPU.ActiveCfg = Debug|Any CPU
		{FB28E41E-6832-41F6-AB7B-77B46AE6276E}.Release|Any CPU.Build.0 = Debug|Any CPU
		{25476A72-5063-421F-B8C5-83DBFA63548E}.Debug|Any CPU.ActiveCfg = Debug|Any CPU
		{25476A72-5063-421F-B8C5-83DBFA63548E}.Debug|Any CPU.Build.0 = Debug|Any CPU
		{25476A72-5063-421F-B8C5-83DBFA63548E}.Release|Any CPU.ActiveCfg = Debug|Any CPU
		{25476A72-5063-421F-B8C5-83DBFA63548E}.Release|Any CPU.Build.0 = Debug|Any CPU
		{905E7BBE-8E6E-4B48-B0E0-FF263F15AC72}.Debug|Any CPU.ActiveCfg = Debug|Any CPU
		{905E7BBE-8E6E-4B48-B0E0-FF263F15AC72}.Debug|Any CPU.Build.0 = Debug|Any CPU
		{905E7BBE-8E6E-4B48-B0E0-FF263F15AC72}.Release|Any CPU.ActiveCfg = Debug|Any CPU
		{905E7BBE-8E6E-4B48-B0E0-FF263F15AC72}.Release|Any CPU.Build.0 = Debug|Any CPU
		{9EEE0131-C29E-44AD-87D7-DDFCA2A83F2D}.Debug|Any CPU.ActiveCfg = Debug|Any CPU
		{9EEE0131-C29E-44AD-87D7-DDFCA2A83F2D}.Debug|Any CPU.Build.0 = Debug|Any CPU
		{9EEE0131-C29E-44AD-87D7-DDFCA2A83F2D}.Release|Any CPU.ActiveCfg = Debug|Any CPU
		{9EEE0131-C29E-44AD-87D7-DDFCA2A83F2D}.Release|Any CPU.Build.0 = Debug|Any CPU
		{EF9FCF90-268A-4A2D-B98A-B7FFCA09EF22}.Debug|Any CPU.ActiveCfg = Debug|Any CPU
		{EF9FCF90-268A-4A2D-B98A-B7FFCA09EF22}.Debug|Any CPU.Build.0 = Debug|Any CPU
		{EF9FCF90-268A-4A2D-B98A-B7FFCA09EF22}.Release|Any CPU.ActiveCfg = Debug|Any CPU
		{EF9FCF90-268A-4A2D-B98A-B7FFCA09EF22}.Release|Any CPU.Build.0 = Debug|Any CPU
		{885B7A77-9FF4-497E-8724-1E9C47FC830C}.Debug|Any CPU.ActiveCfg = Debug|Any CPU
		{885B7A77-9FF4-497E-8724-1E9C47FC830C}.Debug|Any CPU.Build.0 = Debug|Any CPU
		{885B7A77-9FF4-497E-8724-1E9C47FC830C}.Release|Any CPU.ActiveCfg = Debug|Any CPU
		{885B7A77-9FF4-497E-8724-1E9C47FC830C}.Release|Any CPU.Build.0 = Debug|Any CPU
		{6FC8FCE5-AF45-4A8C-A473-7F4B48B3767C}.Debug|Any CPU.ActiveCfg = Debug|Any CPU
		{6FC8FCE5-AF45-4A8C-A473-7F4B48B3767C}.Debug|Any CPU.Build.0 = Debug|Any CPU
		{6FC8FCE5-AF45-4A8C-A473-7F4B48B3767C}.Release|Any CPU.ActiveCfg = Debug|Any CPU
		{6FC8FCE5-AF45-4A8C-A473-7F4B48B3767C}.Release|Any CPU.Build.0 = Debug|Any CPU
		{2ACAE017-F59A-46FF-B340-F5A4F08748EA}.Debug|Any CPU.ActiveCfg = Debug|Any CPU
		{2ACAE017-F59A-46FF-B340-F5A4F08748EA}.Debug|Any CPU.Build.0 = Debug|Any CPU
		{2ACAE017-F59A-46FF-B340-F5A4F08748EA}.Release|Any CPU.ActiveCfg = Release|Any CPU
		{2ACAE017-F59A-46FF-B340-F5A4F08748EA}.Release|Any CPU.Build.0 = Release|Any CPU
	EndGlobalSection
	GlobalSection(SolutionProperties) = preSolution
		HideSolutionNode = FALSE
	EndGlobalSection
	GlobalSection(NestedProjects) = preSolution
		{FB60BBA7-7D16-408D-AC38-3826B7574E24} = {1841CE69-5D4B-4C91-B961-63CAABEB8B54}
		{18515EA5-4656-4E94-ABF4-3BAB0ACCE38A} = {B3A71D01-72FB-438E-A7F1-8627812371AF}
		{BE8E8B79-8961-4462-B3E8-3F4ABF46A3DB} = {1841CE69-5D4B-4C91-B961-63CAABEB8B54}
		{83C1046E-21F6-4EC2-ADCC-E2DDCB652881} = {C0C9EEE3-A3C4-4D99-94D6-4635AB66D93B}
		{CDC4CC77-F8BA-4FB9-BE51-6775D5912C26} = {1841CE69-5D4B-4C91-B961-63CAABEB8B54}
		{ECB2B7A7-3FD3-43F7-8AA3-5415D79C514B} = {D3A10B85-0180-44FF-9988-7678BB30E519}
		{7960B6A9-E5EC-4692-874E-7EC7129DB0F9} = {D3A10B85-0180-44FF-9988-7678BB30E519}
		{A86DF41D-DD9F-4E3B-942B-A08088C53F2A} = {D3A10B85-0180-44FF-9988-7678BB30E519}
		{FB28E41E-6832-41F6-AB7B-77B46AE6276E} = {60273048-BFC5-4927-8C6B-4295BD875B7A}
		{25476A72-5063-421F-B8C5-83DBFA63548E} = {18371E4F-3125-402B-9847-19DEB01A6320}
		{905E7BBE-8E6E-4B48-B0E0-FF263F15AC72} = {3D333E0B-8856-4671-9FCF-445DE04DE02F}
		{9EEE0131-C29E-44AD-87D7-DDFCA2A83F2D} = {82451F17-1622-427F-89D7-59A24BCD9D0A}
		{EF9FCF90-268A-4A2D-B98A-B7FFCA09EF22} = {1F7A4B56-091E-469A-96AC-62F8441CE69E}
		{885B7A77-9FF4-497E-8724-1E9C47FC830C} = {3D333E0B-8856-4671-9FCF-445DE04DE02F}
		{6FC8FCE5-AF45-4A8C-A473-7F4B48B3767C} = {88637DB7-2726-4C62-B4AC-D16C602A8A49}
		{2ACAE017-F59A-46FF-B340-F5A4F08748EA} = {60273048-BFC5-4927-8C6B-4295BD875B7A}
	EndGlobalSection
	GlobalSection(ExtensibilityGlobals) = postSolution
		SolutionGuid = {BC8E82EB-4C0E-443A-A009-3C33AB4ED42B}
	EndGlobalSection
EndGlobal
